
Microsoft Visual Studio Solution File, Format Version 12.00
# Visual Studio 2017
Project("{FAE04EC0-301F-11D3-BF4B-00C04F79EFBC}") = "Arrays", "Arrays.csproj", "{40EAEB0C-43F7-9C9A-888B-F6440EFF4426}"
EndProject
Global
	GlobalSection(SolutionConfigurationPlatforms) = preSolution
		Debug|Any CPU = Debug|Any CPU
		Release|Any CPU = Release|Any CPU
	EndGlobalSection
	GlobalSection(ProjectConfigurationPlatforms) = postSolution
		{40EAEB0C-43F7-9C9A-888B-F6440EFF4426}.Debug|Any CPU.ActiveCfg = Debug|Any CPU
		{40EAEB0C-43F7-9C9A-888B-F6440EFF4426}.Debug|Any CPU.Build.0 = Debug|Any CPU
		{40EAEB0C-43F7-9C9A-888B-F6440EFF4426}.Release|Any CPU.ActiveCfg = Release|Any CPU
		{40EAEB0C-43F7-9C9A-888B-F6440EFF4426}.Release|Any CPU.Build.0 = Release|Any CPU
	EndGlobalSection
	GlobalSection(SolutionProperties) = preSolution
		HideSolutionNode = FALSE
	EndGlobalSection
EndGlobal
